
Microsoft Visual Studio Solution File, Format Version 12.00
# Visual Studio Version 17
VisualStudioVersion = 17.10.35004.147
MinimumVisualStudioVersion = 10.0.40219.1
Project("{2150E333-8FDC-42A3-9474-1A3956D46DE8}") = "src", "src", "{D3D65701-0CE0-4E2F-BD9A-26DAE818B38C}"
EndProject
Project("{2150E333-8FDC-42A3-9474-1A3956D46DE8}") = "test", "test", "{AE858F0C-2813-4592-9F67-667C0874A098}"
EndProject
Project("{2150E333-8FDC-42A3-9474-1A3956D46DE8}") = "APIs", "APIs", "{9E8787BE-2332-422C-BE35-73336E022A3A}"
EndProject
Project("{2150E333-8FDC-42A3-9474-1A3956D46DE8}") = "Core", "Core", "{A8E51B54-D905-47C8-A180-2390FD12568D}"
EndProject
Project("{2150E333-8FDC-42A3-9474-1A3956D46DE8}") = "Infrastructure", "Infrastructure", "{29273343-1FCF-47C2-963D-5ADC30B66C07}"
EndProject
Project("{2150E333-8FDC-42A3-9474-1A3956D46DE8}") = "UI", "UI", "{25AE2445-3FC6-4590-BE9E-536603C9F242}"
EndProject
Project("{2150E333-8FDC-42A3-9474-1A3956D46DE8}") = "Client", "Client", "{FC9922E7-BF68-4E61-9A59-5AB396086C34}"
EndProject
Project("{2150E333-8FDC-42A3-9474-1A3956D46DE8}") = "Dashboard", "Dashboard", "{74EB3C7B-454C-4A6E-9DB0-806AF53EB429}"
EndProject
Project("{9A19103F-16F7-4668-BE54-9A1E7A4F7556}") = "Talabat.APIs", "Talabat.APIs\Talabat.APIs.csproj", "{4B58A868-7E57-4018-8511-50EAD9E13C7D}"
EndProject
Project("{9A19103F-16F7-4668-BE54-9A1E7A4F7556}") = "Talabat.Core.Application.Abstraction", "Talabat.Core.Application.Abstraction\Talabat.Core.Application.Abstraction.csproj", "{8CC57F01-6B6E-45A3-A831-E9C7C3A7480C}"
EndProject
Project("{9A19103F-16F7-4668-BE54-9A1E7A4F7556}") = "Talabat.Core.Application", "Talabat.Core.Application\Talabat.Core.Application.csproj", "{80CD6BAC-090A-4794-8049-74CB70BC17F2}"
EndProject
Project("{9A19103F-16F7-4668-BE54-9A1E7A4F7556}") = "Talabat.Core.Domain", "Talabat.Core.Domain\Talabat.Core.Domain.csproj", "{90450D78-D8A0-4BB2-91AC-70263BF41D69}"
EndProject
Project("{9A19103F-16F7-4668-BE54-9A1E7A4F7556}") = "Talabat.Infrastructure", "Talabat.Infrastructure\Talabat.Infrastructure.csproj", "{CDC59812-5BDF-49A5-A71E-5DB3D843B138}"
EndProject
Project("{9A19103F-16F7-4668-BE54-9A1E7A4F7556}") = "Talabat.Infrastructure.Presistence", "Talabat.Infrastructure.Presistence\Talabat.Infrastructure.Presistence.csproj", "{45A99713-1A90-4B84-9E80-11413E47CF0A}"
EndProject
Project("{9A19103F-16F7-4668-BE54-9A1E7A4F7556}") = "Talabat.Dashboard", "Talabat.Dashboard\Talabat.Dashboard.csproj", "{DE572CF5-FDCF-4A0B-AE14-68F5222868B3}"
EndProject
Project("{54A90642-561A-4BB1-A94E-469ADEE60C69}") = "Talabat.Client", "Talabat.Client\Talabat.Client.esproj", "{F4E4202B-DCA7-474B-9499-789993B3D4AD}"
EndProject
Project("{FAE04EC0-301F-11D3-BF4B-00C04F79EFBC}") = "Talabat.APIs.Controllers", "Talabat.APIs.Controllers\Talabat.APIs.Controllers.csproj", "{7965A176-D034-48EB-AFBD-94E643AE7729}"
EndProject
Global
	GlobalSection(SolutionConfigurationPlatforms) = preSolution
		Debug|Any CPU = Debug|Any CPU
		Release|Any CPU = Release|Any CPU
	EndGlobalSection
	GlobalSection(ProjectConfigurationPlatforms) = postSolution
		{4B58A868-7E57-4018-8511-50EAD9E13C7D}.Debug|Any CPU.ActiveCfg = Debug|Any CPU
		{4B58A868-7E57-4018-8511-50EAD9E13C7D}.Debug|Any CPU.Build.0 = Debug|Any CPU
		{4B58A868-7E57-4018-8511-50EAD9E13C7D}.Release|Any CPU.ActiveCfg = Release|Any CPU
		{4B58A868-7E57-4018-8511-50EAD9E13C7D}.Release|Any CPU.Build.0 = Release|Any CPU
		{8CC57F01-6B6E-45A3-A831-E9C7C3A7480C}.Debug|Any CPU.ActiveCfg = Debug|Any CPU
		{8CC57F01-6B6E-45A3-A831-E9C7C3A7480C}.Debug|Any CPU.Build.0 = Debug|Any CPU
		{8CC57F01-6B6E-45A3-A831-E9C7C3A7480C}.Release|Any CPU.ActiveCfg = Release|Any CPU
		{8CC57F01-6B6E-45A3-A831-E9C7C3A7480C}.Release|Any CPU.Build.0 = Release|Any CPU
		{80CD6BAC-090A-4794-8049-74CB70BC17F2}.Debug|Any CPU.ActiveCfg = Debug|Any CPU
		{80CD6BAC-090A-4794-8049-74CB70BC17F2}.Debug|Any CPU.Build.0 = Debug|Any CPU
		{80CD6BAC-090A-4794-8049-74CB70BC17F2}.Release|Any CPU.ActiveCfg = Release|Any CPU
		{80CD6BAC-090A-4794-8049-74CB70BC17F2}.Release|Any CPU.Build.0 = Release|Any CPU
		{90450D78-D8A0-4BB2-91AC-70263BF41D69}.Debug|Any CPU.ActiveCfg = Debug|Any CPU
		{90450D78-D8A0-4BB2-91AC-70263BF41D69}.Debug|Any CPU.Build.0 = Debug|Any CPU
		{90450D78-D8A0-4BB2-91AC-70263BF41D69}.Release|Any CPU.ActiveCfg = Release|Any CPU
		{90450D78-D8A0-4BB2-91AC-70263BF41D69}.Release|Any CPU.Build.0 = Release|Any CPU
		{CDC59812-5BDF-49A5-A71E-5DB3D843B138}.Debug|Any CPU.ActiveCfg = Debug|Any CPU
		{CDC59812-5BDF-49A5-A71E-5DB3D843B138}.Debug|Any CPU.Build.0 = Debug|Any CPU
		{CDC59812-5BDF-49A5-A71E-5DB3D843B138}.Release|Any CPU.ActiveCfg = Release|Any CPU
		{CDC59812-5BDF-49A5-A71E-5DB3D843B138}.Release|Any CPU.Build.0 = Release|Any CPU
		{45A99713-1A90-4B84-9E80-11413E47CF0A}.Debug|Any CPU.ActiveCfg = Debug|Any CPU
		{45A99713-1A90-4B84-9E80-11413E47CF0A}.Debug|Any CPU.Build.0 = Debug|Any CPU
		{45A99713-1A90-4B84-9E80-11413E47CF0A}.Release|Any CPU.ActiveCfg = Release|Any CPU
		{45A99713-1A90-4B84-9E80-11413E47CF0A}.Release|Any CPU.Build.0 = Release|Any CPU
		{DE572CF5-FDCF-4A0B-AE14-68F5222868B3}.Debug|Any CPU.ActiveCfg = Debug|Any CPU
		{DE572CF5-FDCF-4A0B-AE14-68F5222868B3}.Debug|Any CPU.Build.0 = Debug|Any CPU
		{DE572CF5-FDCF-4A0B-AE14-68F5222868B3}.Release|Any CPU.ActiveCfg = Release|Any CPU
		{DE572CF5-FDCF-4A0B-AE14-68F5222868B3}.Release|Any CPU.Build.0 = Release|Any CPU
		{F4E4202B-DCA7-474B-9499-789993B3D4AD}.Debug|Any CPU.ActiveCfg = Debug|Any CPU
		{F4E4202B-DCA7-474B-9499-789993B3D4AD}.Debug|Any CPU.Build.0 = Debug|Any CPU
		{F4E4202B-DCA7-474B-9499-789993B3D4AD}.Debug|Any CPU.Deploy.0 = Debug|Any CPU
		{F4E4202B-DCA7-474B-9499-789993B3D4AD}.Release|Any CPU.ActiveCfg = Release|Any CPU
		{F4E4202B-DCA7-474B-9499-789993B3D4AD}.Release|Any CPU.Build.0 = Release|Any CPU
		{F4E4202B-DCA7-474B-9499-789993B3D4AD}.Release|Any CPU.Deploy.0 = Release|Any CPU
		{7965A176-D034-48EB-AFBD-94E643AE7729}.Debug|Any CPU.ActiveCfg = Debug|Any CPU
		{7965A176-D034-48EB-AFBD-94E643AE7729}.Debug|Any CPU.Build.0 = Debug|Any CPU
		{7965A176-D034-48EB-AFBD-94E643AE7729}.Release|Any CPU.ActiveCfg = Release|Any CPU
		{7965A176-D034-48EB-AFBD-94E643AE7729}.Release|Any CPU.Build.0 = Release|Any CPU
	EndGlobalSection
	GlobalSection(SolutionProperties) = preSolution
		HideSolutionNode = FALSE
	EndGlobalSection
	GlobalSection(NestedProjects) = preSolution
		{9E8787BE-2332-422C-BE35-73336E022A3A} = {D3D65701-0CE0-4E2F-BD9A-26DAE818B38C}
		{A8E51B54-D905-47C8-A180-2390FD12568D} = {D3D65701-0CE0-4E2F-BD9A-26DAE818B38C}
		{29273343-1FCF-47C2-963D-5ADC30B66C07} = {D3D65701-0CE0-4E2F-BD9A-26DAE818B38C}
		{25AE2445-3FC6-4590-BE9E-536603C9F242} = {D3D65701-0CE0-4E2F-BD9A-26DAE818B38C}
		{FC9922E7-BF68-4E61-9A59-5AB396086C34} = {25AE2445-3FC6-4590-BE9E-536603C9F242}
		{74EB3C7B-454C-4A6E-9DB0-806AF53EB429} = {25AE2445-3FC6-4590-BE9E-536603C9F242}
		{4B58A868-7E57-4018-8511-50EAD9E13C7D} = {9E8787BE-2332-422C-BE35-73336E022A3A}
		{8CC57F01-6B6E-45A3-A831-E9C7C3A7480C} = {A8E51B54-D905-47C8-A180-2390FD12568D}
		{80CD6BAC-090A-4794-8049-74CB70BC17F2} = {A8E51B54-D905-47C8-A180-2390FD12568D}
		{90450D78-D8A0-4BB2-91AC-70263BF41D69} = {A8E51B54-D905-47C8-A180-2390FD12568D}
		{CDC59812-5BDF-49A5-A71E-5DB3D843B138} = {29273343-1FCF-47C2-963D-5ADC30B66C07}
		{45A99713-1A90-4B84-9E80-11413E47CF0A} = {29273343-1FCF-47C2-963D-5ADC30B66C07}
		{DE572CF5-FDCF-4A0B-AE14-68F5222868B3} = {74EB3C7B-454C-4A6E-9DB0-806AF53EB429}
		{F4E4202B-DCA7-474B-9499-789993B3D4AD} = {FC9922E7-BF68-4E61-9A59-5AB396086C34}
		{7965A176-D034-48EB-AFBD-94E643AE7729} = {9E8787BE-2332-422C-BE35-73336E022A3A}
	EndGlobalSection
	GlobalSection(ExtensibilityGlobals) = postSolution
		SolutionGuid = {987D290C-A39B-4F00-8E70-B8F91EF33FAA}
	EndGlobalSection
EndGlobal
