
Microsoft Visual Studio Solution File, Format Version 12.00
# Visual Studio Version 17
VisualStudioVersion = 17.10.35004.147
MinimumVisualStudioVersion = 10.0.40219.1
Project("{2150E333-8FDC-42A3-9474-1A3956D46DE8}") = "src", "src", "{D3D65701-0CE0-4E2F-BD9A-26DAE818B38C}"
EndProject
Project("{2150E333-8FDC-42A3-9474-1A3956D46DE8}") = "test", "test", "{AE858F0C-2813-4592-9F67-667C0874A098}"
EndProject
Project("{2150E333-8FDC-42A3-9474-1A3956D46DE8}") = "APIs", "APIs", "{9E8787BE-2332-422C-BE35-73336E022A3A}"
EndProject
Project("{2150E333-8FDC-42A3-9474-1A3956D46DE8}") = "Core", "Core", "{A8E51B54-D905-47C8-A180-2390FD12568D}"
EndProject
Project("{2150E333-8FDC-42A3-9474-1A3956D46DE8}") = "Infrastructure", "Infrastructure", "{29273343-1FCF-47C2-963D-5ADC30B66C07}"
EndProject
Project("{2150E333-8FDC-42A3-9474-1A3956D46DE8}") = "UI", "UI", "{25AE2445-3FC6-4590-BE9E-536603C9F242}"
EndProject
Project("{2150E333-8FDC-42A3-9474-1A3956D46DE8}") = "Client", "Client", "{FC9922E7-BF68-4E61-9A59-5AB396086C34}"
EndProject
Project("{2150E333-8FDC-42A3-9474-1A3956D46DE8}") = "Dashboard", "Dashboard", "{74EB3C7B-454C-4A6E-9DB0-806AF53EB429}"
EndProject
Project("{FAE04EC0-301F-11D3-BF4B-00C04F79EFBC}") = "Talabat.APIs", "Talabat.APIs\Talabat.APIs.csproj", "{4B58A868-7E57-4018-8511-50EAD9E13C7D}"
EndProject
Global
	GlobalSection(SolutionConfigurationPlatforms) = preSolution
		Debug|Any CPU = Debug|Any CPU
		Release|Any CPU = Release|Any CPU
	EndGlobalSection
	GlobalSection(ProjectConfigurationPlatforms) = postSolution
		{4B58A868-7E57-4018-8511-50EAD9E13C7D}.Debug|Any CPU.ActiveCfg = Debug|Any CPU
		{4B58A868-7E57-4018-8511-50EAD9E13C7D}.Debug|Any CPU.Build.0 = Debug|Any CPU
		{4B58A868-7E57-4018-8511-50EAD9E13C7D}.Release|Any CPU.ActiveCfg = Release|Any CPU
		{4B58A868-7E57-4018-8511-50EAD9E13C7D}.Release|Any CPU.Build.0 = Release|Any CPU
	EndGlobalSection
	GlobalSection(SolutionProperties) = preSolution
		HideSolutionNode = FALSE
	EndGlobalSection
	GlobalSection(NestedProjects) = preSolution
		{9E8787BE-2332-422C-BE35-73336E022A3A} = {D3D65701-0CE0-4E2F-BD9A-26DAE818B38C}
		{A8E51B54-D905-47C8-A180-2390FD12568D} = {D3D65701-0CE0-4E2F-BD9A-26DAE818B38C}
		{29273343-1FCF-47C2-963D-5ADC30B66C07} = {D3D65701-0CE0-4E2F-BD9A-26DAE818B38C}
		{25AE2445-3FC6-4590-BE9E-536603C9F242} = {D3D65701-0CE0-4E2F-BD9A-26DAE818B38C}
		{FC9922E7-BF68-4E61-9A59-5AB396086C34} = {25AE2445-3FC6-4590-BE9E-536603C9F242}
		{74EB3C7B-454C-4A6E-9DB0-806AF53EB429} = {25AE2445-3FC6-4590-BE9E-536603C9F242}
		{4B58A868-7E57-4018-8511-50EAD9E13C7D} = {9E8787BE-2332-422C-BE35-73336E022A3A}
	EndGlobalSection
	GlobalSection(ExtensibilityGlobals) = postSolution
		SolutionGuid = {987D290C-A39B-4F00-8E70-B8F91EF33FAA}
	EndGlobalSection
EndGlobal
